# THIS IS AN AUTOGENERATED FILE. DO NOT EDIT THIS FILE DIRECTLY.
# yarn lockfile v1


json-google-docs@^0.2.1:
  version "0.2.1"
  resolved "https://registry.yarnpkg.com/json-google-docs/-/json-google-docs-0.2.1.tgz#90f6840a1fca4764d375a01fd0556c4805b273aa"
  integrity sha512-x2yIojsTnQhXnkPjoFQp5su4acUk1PQszjt83REhWkzhowJ6dVotWck5gtTfMU5vIN2YJRTbF1fMvNhO2oH5wg==
  dependencies:
    xhr2 "^0.1.4"

seedrandom@^2.4.4:
  version "2.4.4"
  resolved "https://registry.yarnpkg.com/seedrandom/-/seedrandom-2.4.4.tgz#b25ea98632c73e45f58b77cfaa931678df01f9ba"
  integrity sha512-9A+PDmgm+2du77B5i0Ip2cxOqqHjgNxnBgglxLcX78A2D6c2rTo61z4jnVABpF4cKeDMDG+cmXXvdnqse2VqMA==

xhr2@^0.1.4:
  version "0.1.4"
  resolved "https://registry.yarnpkg.com/xhr2/-/xhr2-0.1.4.tgz#7f87658847716db5026323812f818cadab387a5f"
  integrity sha1-f4dliEdxbbUCYyOBL4GMras4el8=
